
Microsoft Visual Studio Solution File, Format Version 12.00
# Visual Studio 15
VisualStudioVersion = 15.0.27428.2037
MinimumVisualStudioVersion = 10.0.40219.1
Project("{FAE04EC0-301F-11D3-BF4B-00C04F79EFBC}") = "Com.Ericmas001.Rpi.Gpio", "Com.Ericmas001.Rpi.Gpio\Com.Ericmas001.Rpi.Gpio.csproj", "{0293F43C-9E39-41EC-81F8-D45E18F25021}"
EndProject
Global
	GlobalSection(SolutionConfigurationPlatforms) = preSolution
		Debug|Any CPU = Debug|Any CPU
		Release|Any CPU = Release|Any CPU
	EndGlobalSection
	GlobalSection(ProjectConfigurationPlatforms) = postSolution
		{0293F43C-9E39-41EC-81F8-D45E18F25021}.Debug|Any CPU.ActiveCfg = Debug|Any CPU
		{0293F43C-9E39-41EC-81F8-D45E18F25021}.Debug|Any CPU.Build.0 = Debug|Any CPU
		{0293F43C-9E39-41EC-81F8-D45E18F25021}.Release|Any CPU.ActiveCfg = Release|Any CPU
		{0293F43C-9E39-41EC-81F8-D45E18F25021}.Release|Any CPU.Build.0 = Release|Any CPU
	EndGlobalSection
	GlobalSection(SolutionProperties) = preSolution
		HideSolutionNode = FALSE
	EndGlobalSection
	GlobalSection(ExtensibilityGlobals) = postSolution
		SolutionGuid = {F76E8C6E-9CFB-470F-A046-41AE7552D616}
	EndGlobalSection
EndGlobal
